
Microsoft Visual Studio Solution File, Format Version 12.00
# Visual Studio Version 17
VisualStudioVersion = 17.10.34928.147
MinimumVisualStudioVersion = 10.0.40219.1
Project("{FAE04EC0-301F-11D3-BF4B-00C04F79EFBC}") = "homeWorkNumberOne", "homeWorkNumberOne.csproj", "{2F24A831-5D96-4F9B-8170-F7CD624C8DD3}"
EndProject
Global
	GlobalSection(SolutionConfigurationPlatforms) = preSolution
		Debug|Any CPU = Debug|Any CPU
		Release|Any CPU = Release|Any CPU
	EndGlobalSection
	GlobalSection(ProjectConfigurationPlatforms) = postSolution
		{2F24A831-5D96-4F9B-8170-F7CD624C8DD3}.Debug|Any CPU.ActiveCfg = Debug|Any CPU
		{2F24A831-5D96-4F9B-8170-F7CD624C8DD3}.Debug|Any CPU.Build.0 = Debug|Any CPU
		{2F24A831-5D96-4F9B-8170-F7CD624C8DD3}.Release|Any CPU.ActiveCfg = Release|Any CPU
		{2F24A831-5D96-4F9B-8170-F7CD624C8DD3}.Release|Any CPU.Build.0 = Release|Any CPU
	EndGlobalSection
	GlobalSection(SolutionProperties) = preSolution
		HideSolutionNode = FALSE
	EndGlobalSection
	GlobalSection(ExtensibilityGlobals) = postSolution
		SolutionGuid = {B45AA7D6-4D8F-44DF-9872-D7FA3A0B9B79}
	EndGlobalSection
EndGlobal
